// !$*UTF8*$!
{
	archiveVersion = 1;
	classes = {
	};
	objectVersion = 50;
	objects = {

/* Begin PBXBuildFile section */
		30D15F7827F41FB800642104 /* myappApp.swift in Sources */ = {isa = PBXBuildFile; fileRef = 30D15F7727F41FB800642104 /* myappApp.swift */; };
		30D15F7A27F41FB800642104 /* ContentView.swift in Sources */ = {isa = PBXBuildFile; fileRef = 30D15F7927F41FB800642104 /* ContentView.swift */; };
		30D15F7C27F41FBA00642104 /* Assets.xcassets in Resources */ = {isa = PBXBuildFile; fileRef = 30D15F7B27F41FBA00642104 /* Assets.xcassets */; };
		30D15F7F27F41FBA00642104 /* Preview Assets.xcassets in Resources */ = {isa = PBXBuildFile; fileRef = 30D15F7E27F41FBA00642104 /* Preview Assets.xcassets */; };
		30D15F8A27F41FBA00642104 /* myappTests.swift in Sources */ = {isa = PBXBuildFile; fileRef = 30D15F8927F41FBA00642104 /* myappTests.swift */; };
		30D15F9527F41FBA00642104 /* myappUITests.swift in Sources */ = {isa = PBXBuildFile; fileRef = 30D15F9427F41FBA00642104 /* myappUITests.swift */; };
/* End PBXBuildFile section */

/* Begin PBXContainerItemProxy section */
		30D15F8627F41FBA00642104 /* PBXContainerItemProxy */ = {
			isa = PBXContainerItemProxy;
			containerPortal = 30D15F6C27F41FB800642104 /* Project object */;
			proxyType = 1;
			remoteGlobalIDString = 30D15F7327F41FB800642104;
			remoteInfo = myapp;
		};
		30D15F9127F41FBA00642104 /* PBXContainerItemProxy */ = {
			isa = PBXContainerItemProxy;
			containerPortal = 30D15F6C27F41FB800642104 /* Project object */;
			proxyType = 1;
			remoteGlobalIDString = 30D15F7327F41FB800642104;
			remoteInfo = myapp;
		};
/* End PBXContainerItemProxy section */

/* Begin PBXFileReference section */
		30D15F7427F41FB800642104 /* myapp.app */ = {isa = PBXFileReference; explicitFileType = wrapper.application; includeInIndex = 0; path = myapp.app; sourceTree = BUILT_PRODUCTS_DIR; };
		30D15F7727F41FB800642104 /* myappApp.swift */ = {isa = PBXFileReference; lastKnownFileType = sourcecode.swift; path = myappApp.swift; sourceTree = "<group>"; };
		30D15F7927F41FB800642104 /* ContentView.swift */ = {isa = PBXFileReference; lastKnownFileType = sourcecode.swift; path = ContentView.swift; sourceTree = "<group>"; };
		30D15F7B27F41FBA00642104 /* Assets.xcassets */ = {isa = PBXFileReference; lastKnownFileType = folder.assetcatalog; path = Assets.xcassets; sourceTree = "<group>"; };
		30D15F7E27F41FBA00642104 /* Preview Assets.xcassets */ = {isa = PBXFileReference; lastKnownFileType = folder.assetcatalog; path = "Preview Assets.xcassets"; sourceTree = "<group>"; };
		30D15F8027F41FBA00642104 /* Info.plist */ = {isa = PBXFileReference; lastKnownFileType = text.plist.xml; path = Info.plist; sourceTree = "<group>"; };
		30D15F8527F41FBA00642104 /* myappTests.xctest */ = {isa = PBXFileReference; explicitFileType = wrapper.cfbundle; includeInIndex = 0; path = myappTests.xctest; sourceTree = BUILT_PRODUCTS_DIR; };
		30D15F8927F41FBA00642104 /* myappTests.swift */ = {isa = PBXFileReference; lastKnownFileType = sourcecode.swift; path = myappTests.swift; sourceTree = "<group>"; };
		30D15F8B27F41FBA00642104 /* Info.plist */ = {isa = PBXFileReference; lastKnownFileType = text.plist.xml; path = Info.plist; sourceTree = "<group>"; };
		30D15F9027F41FBA00642104 /* myappUITests.xctest */ = {isa = PBXFileReference; explicitFileType = wrapper.cfbundle; includeInIndex = 0; path = myappUITests.xctest; sourceTree = BUILT_PRODUCTS_DIR; };
		30D15F9427F41FBA00642104 /* myappUITests.swift */ = {isa = PBXFileReference; lastKnownFileType = sourcecode.swift; path = myappUITests.swift; sourceTree = "<group>"; };
		30D15F9627F41FBA00642104 /* Info.plist */ = {isa = PBXFileReference; lastKnownFileType = text.plist.xml; path = Info.plist; sourceTree = "<group>"; };
/* End PBXFileReference section */

/* Begin PBXFrameworksBuildPhase section */
		30D15F7127F41FB800642104 /* Frameworks */ = {
			isa = PBXFrameworksBuildPhase;
			buildActionMask = 2147483647;
			files = (
			);
			runOnlyForDeploymentPostprocessing = 0;
		};
		30D15F8227F41FBA00642104 /* Frameworks */ = {
			isa = PBXFrameworksBuildPhase;
			buildActionMask = 2147483647;
			files = (
			);
			runOnlyForDeploymentPostprocessing = 0;
		};
		30D15F8D27F41FBA00642104 /* Frameworks */ = {
			isa = PBXFrameworksBuildPhase;
			buildActionMask = 2147483647;
			files = (
			);
			runOnlyForDeploymentPostprocessing = 0;
		};
/* End PBXFrameworksBuildPhase section */

/* Begin PBXGroup section */
		30D15F6B27F41FB800642104 = {
			isa = PBXGroup;
			children = (
				30D15F7627F41FB800642104 /* myapp */,
				30D15F8827F41FBA00642104 /* myappTests */,
				30D15F9327F41FBA00642104 /* myappUITests */,
				30D15F7527F41FB800642104 /* Products */,
			);
			sourceTree = "<group>";
		};
		30D15F7527F41FB800642104 /* Products */ = {
			isa = PBXGroup;
			children = (
				30D15F7427F41FB800642104 /* myapp.app */,
				30D15F8527F41FBA00642104 /* myappTests.xctest */,
				30D15F9027F41FBA00642104 /* myappUITests.xctest */,
			);
			name = Products;
			sourceTree = "<group>";
		};
		30D15F7627F41FB800642104 /* myapp */ = {
			isa = PBXGroup;
			children = (
				30D15F7727F41FB800642104 /* myappApp.swift */,
				30D15F7927F41FB800642104 /* ContentView.swift */,
				30D15F7B27F41FBA00642104 /* Assets.xcassets */,
				30D15F8027F41FBA00642104 /* Info.plist */,
				30D15F7D27F41FBA00642104 /* Preview Content */,
			);
			path = myapp;
			sourceTree = "<group>";
		};
		30D15F7D27F41FBA00642104 /* Preview Content */ = {
			isa = PBXGroup;
			children = (
				30D15F7E27F41FBA00642104 /* Preview Assets.xcassets */,
			);
			path = "Preview Content";
			sourceTree = "<group>";
		};
		30D15F8827F41FBA00642104 /* myappTests */ = {
			isa = PBXGroup;
			children = (
				30D15F8927F41FBA00642104 /* myappTests.swift */,
				30D15F8B27F41FBA00642104 /* Info.plist */,
			);
			path = myappTests;
			sourceTree = "<group>";
		};
		30D15F9327F41FBA00642104 /* myappUITests */ = {
			isa = PBXGroup;
			children = (
				30D15F9427F41FBA00642104 /* myappUITests.swift */,
				30D15F9627F41FBA00642104 /* Info.plist */,
			);
			path = myappUITests;
			sourceTree = "<group>";
		};
/* End PBXGroup section */

/* Begin PBXNativeTarget section */
		30D15F7327F41FB800642104 /* myapp */ = {
			isa = PBXNativeTarget;
			buildConfigurationList = 30D15F9927F41FBA00642104 /* Build configuration list for PBXNativeTarget "myapp" */;
			buildPhases = (
				30D15F7027F41FB800642104 /* Sources */,
				30D15F7127F41FB800642104 /* Frameworks */,
				30D15F7227F41FB800642104 /* Resources */,
			);
			buildRules = (
			);
			dependencies = (
			);
			name = myapp;
			productName = myapp;
			productReference = 30D15F7427F41FB800642104 /* myapp.app */;
			productType = "com.apple.product-type.application";
		};
		30D15F8427F41FBA00642104 /* myappTests */ = {
			isa = PBXNativeTarget;
			buildConfigurationList = 30D15F9C27F41FBA00642104 /* Build configuration list for PBXNativeTarget "myappTests" */;
			buildPhases = (
				30D15F8127F41FBA00642104 /* Sources */,
				30D15F8227F41FBA00642104 /* Frameworks */,
				30D15F8327F41FBA00642104 /* Resources */,
			);
			buildRules = (
			);
			dependencies = (
				30D15F8727F41FBA00642104 /* PBXTargetDependency */,
			);
			name = myappTests;
			productName = myappTests;
			productReference = 30D15F8527F41FBA00642104 /* myappTests.xctest */;
			productType = "com.apple.product-type.bundle.unit-test";
		};
		30D15F8F27F41FBA00642104 /* myappUITests */ = {
			isa = PBXNativeTarget;
			buildConfigurationList = 30D15F9F27F41FBA00642104 /* Build configuration list for PBXNativeTarget "myappUITests" */;
			buildPhases = (
				30D15F8C27F41FBA00642104 /* Sources */,
				30D15F8D27F41FBA00642104 /* Frameworks */,
				30D15F8E27F41FBA00642104 /* Resources */,
			);
			buildRules = (
			);
			dependencies = (
				30D15F9227F41FBA00642104 /* PBXTargetDependency */,
			);
			name = myappUITests;
			productName = myappUITests;
			productReference = 30D15F9027F41FBA00642104 /* myappUITests.xctest */;
			productType = "com.apple.product-type.bundle.ui-testing";
		};
/* End PBXNativeTarget section */

/* Begin PBXProject section */
		30D15F6C27F41FB800642104 /* Project object */ = {
			isa = PBXProject;
			attributes = {
				LastSwiftUpdateCheck = 1230;
				LastUpgradeCheck = 1230;
				TargetAttributes = {
					30D15F7327F41FB800642104 = {
						CreatedOnToolsVersion = 12.3;
					};
					30D15F8427F41FBA00642104 = {
						CreatedOnToolsVersion = 12.3;
						TestTargetID = 30D15F7327F41FB800642104;
					};
					30D15F8F27F41FBA00642104 = {
						CreatedOnToolsVersion = 12.3;
						TestTargetID = 30D15F7327F41FB800642104;
					};
				};
			};
			buildConfigurationList = 30D15F6F27F41FB800642104 /* Build configuration list for PBXProject "myapp" */;
			compatibilityVersion = "Xcode 9.3";
			developmentRegion = en;
			hasScannedForEncodings = 0;
			knownRegions = (
				en,
				Base,
			);
			mainGroup = 30D15F6B27F41FB800642104;
			productRefGroup = 30D15F7527F41FB800642104 /* Products */;
			projectDirPath = "";
			projectRoot = "";
			targets = (
				30D15F7327F41FB800642104 /* myapp */,
				30D15F8427F41FBA00642104 /* myappTests */,
				30D15F8F27F41FBA00642104 /* myappUITests */,
			);
		};
/* End PBXProject section */

/* Begin PBXResourcesBuildPhase section */
		30D15F7227F41FB800642104 /* Resources */ = {
			isa = PBXResourcesBuildPhase;
			buildActionMask = 2147483647;
			files = (
				30D15F7F27F41FBA00642104 /* Preview Assets.xcassets in Resources */,
				30D15F7C27F41FBA00642104 /* Assets.xcassets in Resources */,
			);
			runOnlyForDeploymentPostprocessing = 0;
		};
		30D15F8327F41FBA00642104 /* Resources */ = {
			isa = PBXResourcesBuildPhase;
			buildActionMask = 2147483647;
			files = (
			);
			runOnlyForDeploymentPostprocessing = 0;
		};
		30D15F8E27F41FBA00642104 /* Resources */ = {
			isa = PBXResourcesBuildPhase;
			buildActionMask = 2147483647;
			files = (
			);
			runOnlyForDeploymentPostprocessing = 0;
		};
/* End PBXResourcesBuildPhase section */

/* Begin PBXSourcesBuildPhase section */
		30D15F7027F41FB800642104 /* Sources */ = {
			isa = PBXSourcesBuildPhase;
			buildActionMask = 2147483647;
			files = (
				30D15F7A27F41FB800642104 /* ContentView.swift in Sources */,
				30D15F7827F41FB800642104 /* myappApp.swift in Sources */,
			);
			runOnlyForDeploymentPostprocessing = 0;
		};
		30D15F8127F41FBA00642104 /* Sources */ = {
			isa = PBXSourcesBuildPhase;
			buildActionMask = 2147483647;
			files = (
				30D15F8A27F41FBA00642104 /* myappTests.swift in Sources */,
			);
			runOnlyForDeploymentPostprocessing = 0;
		};
		30D15F8C27F41FBA00642104 /* Sources */ = {
			isa = PBXSourcesBuildPhase;
			buildActionMask = 2147483647;
			files = (
				30D15F9527F41FBA00642104 /* myappUITests.swift in Sources */,
			);
			runOnlyForDeploymentPostprocessing = 0;
		};
/* End PBXSourcesBuildPhase section */

/* Begin PBXTargetDependency section */
		30D15F8727F41FBA00642104 /* PBXTargetDependency */ = {
			isa = PBXTargetDependency;
			target = 30D15F7327F41FB800642104 /* myapp */;
			targetProxy = 30D15F8627F41FBA00642104 /* PBXContainerItemProxy */;
		};
		30D15F9227F41FBA00642104 /* PBXTargetDependency */ = {
			isa = PBXTargetDependency;
			target = 30D15F7327F41FB800642104 /* myapp */;
			targetProxy = 30D15F9127F41FBA00642104 /* PBXContainerItemProxy */;
		};
/* End PBXTargetDependency section */

/* Begin XCBuildConfiguration section */
		30D15F9727F41FBA00642104 /* Debug */ = {
			isa = XCBuildConfiguration;
			buildSettings = {
				ALWAYS_SEARCH_USER_PATHS = NO;
				CLANG_ANALYZER_NONNULL = YES;
				CLANG_ANALYZER_NUMBER_OBJECT_CONVERSION = YES_AGGRESSIVE;
				CLANG_CXX_LANGUAGE_STANDARD = "gnu++14";
				CLANG_CXX_LIBRARY = "libc++";
				CLANG_ENABLE_MODULES = YES;
				CLANG_ENABLE_OBJC_ARC = YES;
				CLANG_ENABLE_OBJC_WEAK = YES;
				CLANG_WARN_BLOCK_CAPTURE_AUTORELEASING = YES;
				CLANG_WARN_BOOL_CONVERSION = YES;
				CLANG_WARN_COMMA = YES;
				CLANG_WARN_CONSTANT_CONVERSION = YES;
				CLANG_WARN_DEPRECATED_OBJC_IMPLEMENTATIONS = YES;
				CLANG_WARN_DIRECT_OBJC_ISA_USAGE = YES_ERROR;
				CLANG_WARN_DOCUMENTATION_COMMENTS = YES;
				CLANG_WARN_EMPTY_BODY = YES;
				CLANG_WARN_ENUM_CONVERSION = YES;
				CLANG_WARN_INFINITE_RECURSION = YES;
				CLANG_WARN_INT_CONVERSION = YES;
				CLANG_WARN_NON_LITERAL_NULL_CONVERSION = YES;
				CLANG_WARN_OBJC_IMPLICIT_RETAIN_SELF = YES;
				CLANG_WARN_OBJC_LITERAL_CONVERSION = YES;
				CLANG_WARN_OBJC_ROOT_CLASS = YES_ERROR;
				CLANG_WARN_QUOTED_INCLUDE_IN_FRAMEWORK_HEADER = YES;
				CLANG_WARN_RANGE_LOOP_ANALYSIS = YES;
				CLANG_WARN_STRICT_PROTOTYPES = YES;
				CLANG_WARN_SUSPICIOUS_MOVE = YES;
				CLANG_WARN_UNGUARDED_AVAILABILITY = YES_AGGRESSIVE;
				CLANG_WARN_UNREACHABLE_CODE = YES;
				CLANG_WARN__DUPLICATE_METHOD_MATCH = YES;
				COPY_PHASE_STRIP = NO;
				DEBUG_INFORMATION_FORMAT = dwarf;
				ENABLE_STRICT_OBJC_MSGSEND = YES;
				ENABLE_TESTABILITY = YES;
				GCC_C_LANGUAGE_STANDARD = gnu11;
				GCC_DYNAMIC_NO_PIC = NO;
				GCC_NO_COMMON_BLOCKS = YES;
				GCC_OPTIMIZATION_LEVEL = 0;
				GCC_PREPROCESSOR_DEFINITIONS = (
					"DEBUG=1",
					"$(inherited)",
				);
				GCC_WARN_64_TO_32_BIT_CONVERSION = YES;
				GCC_WARN_ABOUT_RETURN_TYPE = YES_ERROR;
				GCC_WARN_UNDECLARED_SELECTOR = YES;
				GCC_WARN_UNINITIALIZED_AUTOS = YES_AGGRESSIVE;
				GCC_WARN_UNUSED_FUNCTION = YES;
				GCC_WARN_UNUSED_VARIABLE = YES;
				IPHONEOS_DEPLOYMENT_TARGET = 14.3;
				MTL_ENABLE_DEBUG_INFO = INCLUDE_SOURCE;
				MTL_FAST_MATH = YES;
				ONLY_ACTIVE_ARCH = YES;
				SDKROOT = iphoneos;
				SWIFT_ACTIVE_COMPILATION_CONDITIONS = DEBUG;
				SWIFT_OPTIMIZATION_LEVEL = "-Onone";
			};
			name = Debug;
		};
		30D15F9827F41FBA00642104 /* Release */ = {
			isa = XCBuildConfiguration;
			buildSettings = {
				ALWAYS_SEARCH_USER_PATHS = NO;
				CLANG_ANALYZER_NONNULL = YES;
				CLANG_ANALYZER_NUMBER_OBJECT_CONVERSION = YES_AGGRESSIVE;
				CLANG_CXX_LANGUAGE_STANDARD = "gnu++14";
				CLANG_CXX_LIBRARY = "libc++";
				CLANG_ENABLE_MODULES = YES;
				CLANG_ENABLE_OBJC_ARC = YES;
				CLANG_ENABLE_OBJC_WEAK = YES;
				CLANG_WARN_BLOCK_CAPTURE_AUTORELEASING = YES;
				CLANG_WARN_BOOL_CONVERSION = YES;
				CLANG_WARN_COMMA = YES;
				CLANG_WARN_CONSTANT_CONVERSION = YES;
				CLANG_WARN_DEPRECATED_OBJC_IMPLEMENTATIONS = YES;
				CLANG_WARN_DIRECT_OBJC_ISA_USAGE = YES_ERROR;
				CLANG_WARN_DOCUMENTATION_COMMENTS = YES;
				CLANG_WARN_EMPTY_BODY = YES;
				CLANG_WARN_ENUM_CONVERSION = YES;
				CLANG_WARN_INFINITE_RECURSION = YES;
				CLANG_WARN_INT_CONVERSION = YES;
				CLANG_WARN_NON_LITERAL_NULL_CONVERSION = YES;
				CLANG_WARN_OBJC_IMPLICIT_RETAIN_SELF = YES;
				CLANG_WARN_OBJC_LITERAL_CONVERSION = YES;
				CLANG_WARN_OBJC_ROOT_CLASS = YES_ERROR;
				CLANG_WARN_QUOTED_INCLUDE_IN_FRAMEWORK_HEADER = YES;
				CLANG_WARN_RANGE_LOOP_ANALYSIS = YES;
				CLANG_WARN_STRICT_PROTOTYPES = YES;
				CLANG_WARN_SUSPICIOUS_MOVE = YES;
				CLANG_WARN_UNGUARDED_AVAILABILITY = YES_AGGRESSIVE;
				CLANG_WARN_UNREACHABLE_CODE = YES;
				CLANG_WARN__DUPLICATE_METHOD_MATCH = YES;
				COPY_PHASE_STRIP = NO;
				DEBUG_INFORMATION_FORMAT = "dwarf-with-dsym";
				ENABLE_NS_ASSERTIONS = NO;
				ENABLE_STRICT_OBJC_MSGSEND = YES;
				GCC_C_LANGUAGE_STANDARD = gnu11;
				GCC_NO_COMMON_BLOCKS = YES;
				GCC_WARN_64_TO_32_BIT_CONVERSION = YES;
				GCC_WARN_ABOUT_RETURN_TYPE = YES_ERROR;
				GCC_WARN_UNDECLARED_SELECTOR = YES;
				GCC_WARN_UNINITIALIZED_AUTOS = YES_AGGRESSIVE;
				GCC_WARN_UNUSED_FUNCTION = YES;
				GCC_WARN_UNUSED_VARIABLE = YES;
				IPHONEOS_DEPLOYMENT_TARGET = 14.3;
				MTL_ENABLE_DEBUG_INFO = NO;
				MTL_FAST_MATH = YES;
				SDKROOT = iphoneos;
				SWIFT_COMPILATION_MODE = wholemodule;
				SWIFT_OPTIMIZATION_LEVEL = "-O";
				VALIDATE_PRODUCT = YES;
			};
			name = Release;
		};
		30D15F9A27F41FBA00642104 /* Debug */ = {
			isa = XCBuildConfiguration;
			buildSettings = {
				ASSETCATALOG_COMPILER_APPICON_NAME = AppIcon;
				ASSETCATALOG_COMPILER_GLOBAL_ACCENT_COLOR_NAME = AccentColor;
				CODE_SIGN_STYLE = Automatic;
				DEVELOPMENT_ASSET_PATHS = "\"myapp/Preview Content\"";
				ENABLE_PREVIEWS = YES;
				INFOPLIST_FILE = myapp/Info.plist;
				IPHONEOS_DEPLOYMENT_TARGET = 14.0;
				LD_RUNPATH_SEARCH_PATHS = (
					"$(inherited)",
					"@executable_path/Frameworks",
				);
				PRODUCT_BUNDLE_IDENTIFIER = com.plugoff.myapp;
				PRODUCT_NAME = "$(TARGET_NAME)";
				SWIFT_VERSION = 5.0;
				TARGETED_DEVICE_FAMILY = "1,2";
			};
			name = Debug;
		};
		30D15F9B27F41FBA00642104 /* Release */ = {
			isa = XCBuildConfiguration;
			buildSettings = {
				ASSETCATALOG_COMPILER_APPICON_NAME = AppIcon;
				ASSETCATALOG_COMPILER_GLOBAL_ACCENT_COLOR_NAME = AccentColor;
				CODE_SIGN_STYLE = Automatic;
				DEVELOPMENT_ASSET_PATHS = "\"myapp/Preview Content\"";
				ENABLE_PREVIEWS = YES;
				INFOPLIST_FILE = myapp/Info.plist;
				IPHONEOS_DEPLOYMENT_TARGET = 14.0;
				LD_RUNPATH_SEARCH_PATHS = (
					"$(inherited)",
					"@executable_path/Frameworks",
				);
				PRODUCT_BUNDLE_IDENTIFIER = com.plugoff.myapp;
				PRODUCT_NAME = "$(TARGET_NAME)";
				SWIFT_VERSION = 5.0;
				TARGETED_DEVICE_FAMILY = "1,2";
			};
			name = Release;
		};
		30D15F9D27F41FBA00642104 /* Debug */ = {
			isa = XCBuildConfiguration;
			buildSettings = {
				ALWAYS_EMBED_SWIFT_STANDARD_LIBRARIES = YES;
				BUNDLE_LOADER = "$(TEST_HOST)";
				CODE_SIGN_STYLE = Automatic;
				INFOPLIST_FILE = myappTests/Info.plist;
				IPHONEOS_DEPLOYMENT_TARGET = 14.0;
				LD_RUNPATH_SEARCH_PATHS = (
					"$(inherited)",
					"@executable_path/Frameworks",
					"@loader_path/Frameworks",
				);
				PRODUCT_BUNDLE_IDENTIFIER = com.plugoff.myappTests;
				PRODUCT_NAME = "$(TARGET_NAME)";
				SWIFT_VERSION = 5.0;
				TARGETED_DEVICE_FAMILY = "1,2";
				TEST_HOST = "$(BUILT_PRODUCTS_DIR)/myapp.app/myapp";
			};
			name = Debug;
		};
		30D15F9E27F41FBA00642104 /* Release */ = {
			isa = XCBuildConfiguration;
			buildSettings = {
				ALWAYS_EMBED_SWIFT_STANDARD_LIBRARIES = YES;
				BUNDLE_LOADER = "$(TEST_HOST)";
				CODE_SIGN_STYLE = Automatic;
				INFOPLIST_FILE = myappTests/Info.plist;
				IPHONEOS_DEPLOYMENT_TARGET = 14.0;
				LD_RUNPATH_SEARCH_PATHS = (
					"$(inherited)",
					"@executable_path/Frameworks",
					"@loader_path/Frameworks",
				);
				PRODUCT_BUNDLE_IDENTIFIER = com.plugoff.myappTests;
				PRODUCT_NAME = "$(TARGET_NAME)";
				SWIFT_VERSION = 5.0;
				TARGETED_DEVICE_FAMILY = "1,2";
				TEST_HOST = "$(BUILT_PRODUCTS_DIR)/myapp.app/myapp";
			};
			name = Release;
		};
		30D15FA027F41FBA00642104 /* Debug */ = {
			isa = XCBuildConfiguration;
			buildSettings = {
				ALWAYS_EMBED_SWIFT_STANDARD_LIBRARIES = YES;
				CODE_SIGN_STYLE = Automatic;
				INFOPLIST_FILE = myappUITests/Info.plist;
				LD_RUNPATH_SEARCH_PATHS = (
					"$(inherited)",
					"@executable_path/Frameworks",
					"@loader_path/Frameworks",
				);
				PRODUCT_BUNDLE_IDENTIFIER = com.plugoff.myappUITests;
				PRODUCT_NAME = "$(TARGET_NAME)";
				SWIFT_VERSION = 5.0;
				TARGETED_DEVICE_FAMILY = "1,2";
				TEST_TARGET_NAME = myapp;
			};
			name = Debug;
		};
		30D15FA127F41FBA00642104 /* Release */ = {
			isa = XCBuildConfiguration;
			buildSettings = {
				ALWAYS_EMBED_SWIFT_STANDARD_LIBRARIES = YES;
				CODE_SIGN_STYLE = Automatic;
				INFOPLIST_FILE = myappUITests/Info.plist;
				LD_RUNPATH_SEARCH_PATHS = (
					"$(inherited)",
					"@executable_path/Frameworks",
					"@loader_path/Frameworks",
				);
				PRODUCT_BUNDLE_IDENTIFIER = com.plugoff.myappUITests;
				PRODUCT_NAME = "$(TARGET_NAME)";
				SWIFT_VERSION = 5.0;
				TARGETED_DEVICE_FAMILY = "1,2";
				TEST_TARGET_NAME = myapp;
			};
			name = Release;
		};
/* End XCBuildConfiguration section */

/* Begin XCConfigurationList section */
		30D15F6F27F41FB800642104 /* Build configuration list for PBXProject "myapp" */ = {
			isa = XCConfigurationList;
			buildConfigurations = (
				30D15F9727F41FBA00642104 /* Debug */,
				30D15F9827F41FBA00642104 /* Release */,
			);
			defaultConfigurationIsVisible = 0;
			defaultConfigurationName = Release;
		};
		30D15F9927F41FBA00642104 /* Build configuration list for PBXNativeTarget "myapp" */ = {
			isa = XCConfigurationList;
			buildConfigurations = (
				30D15F9A27F41FBA00642104 /* Debug */,
				30D15F9B27F41FBA00642104 /* Release */,
			);
			defaultConfigurationIsVisible = 0;
			defaultConfigurationName = Release;
		};
		30D15F9C27F41FBA00642104 /* Build configuration list for PBXNativeTarget "myappTests" */ = {
			isa = XCConfigurationList;
			buildConfigurations = (
				30D15F9D27F41FBA00642104 /* Debug */,
				30D15F9E27F41FBA00642104 /* Release */,
			);
			defaultConfigurationIsVisible = 0;
			defaultConfigurationName = Release;
		};
		30D15F9F27F41FBA00642104 /* Build configuration list for PBXNativeTarget "myappUITests" */ = {
			isa = XCConfigurationList;
			buildConfigurations = (
				30D15FA027F41FBA00642104 /* Debug */,
				30D15FA127F41FBA00642104 /* Release */,
			);
			defaultConfigurationIsVisible = 0;
			defaultConfigurationName = Release;
		};
/* End XCConfigurationList section */
	};
	rootObject = 30D15F6C27F41FB800642104 /* Project object */;
}
